
Microsoft Visual Studio Solution File, Format Version 12.00
# Visual Studio 15
VisualStudioVersion = 15.0.26430.12
MinimumVisualStudioVersion = 10.0.40219.1
Project("{FAE04EC0-301F-11D3-BF4B-00C04F79EFBC}") = "Hand_Gesture_Recognition", "Hand_Gesture_Recognition\Hand_Gesture_Recognition.csproj", "{EC14D010-6C5D-49DD-9A7D-237E0A863B31}"
EndProject
Global
	GlobalSection(SolutionConfigurationPlatforms) = preSolution
		Debug|Any CPU = Debug|Any CPU
		Release|Any CPU = Release|Any CPU
	EndGlobalSection
	GlobalSection(ProjectConfigurationPlatforms) = postSolution
		{EC14D010-6C5D-49DD-9A7D-237E0A863B31}.Debug|Any CPU.ActiveCfg = Debug|Any CPU
		{EC14D010-6C5D-49DD-9A7D-237E0A863B31}.Debug|Any CPU.Build.0 = Debug|Any CPU
		{EC14D010-6C5D-49DD-9A7D-237E0A863B31}.Release|Any CPU.ActiveCfg = Release|Any CPU
		{EC14D010-6C5D-49DD-9A7D-237E0A863B31}.Release|Any CPU.Build.0 = Release|Any CPU
	EndGlobalSection
	GlobalSection(SolutionProperties) = preSolution
		HideSolutionNode = FALSE
	EndGlobalSection
EndGlobal
